
Microsoft Visual Studio Solution File, Format Version 12.00
# Visual Studio Version 16
VisualStudioVersion = 16.0.31410.357
MinimumVisualStudioVersion = 10.0.40219.1
Project("{FAE04EC0-301F-11D3-BF4B-00C04F79EFBC}") = "VentileClient", "VentileClient\VentileClient.csproj", "{7D60FFCC-9AEF-4AEF-907D-F166EBDBCB46}"
EndProject
Project("{54435603-DBB4-11D2-8724-00A0C9A8B90C}") = "MSISetup", "MSISetup\MSISetup.vdproj", "{87B2C5EE-6D81-44DD-A1AC-79818F5E32AA}"
EndProject
Global
	GlobalSection(SolutionConfigurationPlatforms) = preSolution
		Debug|Any CPU = Debug|Any CPU
		Debug|x64 = Debug|x64
		Release|Any CPU = Release|Any CPU
		Release|x64 = Release|x64
	EndGlobalSection
	GlobalSection(ProjectConfigurationPlatforms) = postSolution
		{7D60FFCC-9AEF-4AEF-907D-F166EBDBCB46}.Debug|Any CPU.ActiveCfg = Debug|Any CPU
		{7D60FFCC-9AEF-4AEF-907D-F166EBDBCB46}.Debug|Any CPU.Build.0 = Debug|Any CPU
		{7D60FFCC-9AEF-4AEF-907D-F166EBDBCB46}.Debug|x64.ActiveCfg = Debug|x64
		{7D60FFCC-9AEF-4AEF-907D-F166EBDBCB46}.Debug|x64.Build.0 = Debug|x64
		{7D60FFCC-9AEF-4AEF-907D-F166EBDBCB46}.Release|Any CPU.ActiveCfg = Release|Any CPU
		{7D60FFCC-9AEF-4AEF-907D-F166EBDBCB46}.Release|Any CPU.Build.0 = Release|Any CPU
		{7D60FFCC-9AEF-4AEF-907D-F166EBDBCB46}.Release|x64.ActiveCfg = Release|x64
		{7D60FFCC-9AEF-4AEF-907D-F166EBDBCB46}.Release|x64.Build.0 = Release|x64
		{87B2C5EE-6D81-44DD-A1AC-79818F5E32AA}.Debug|Any CPU.ActiveCfg = Debug
		{87B2C5EE-6D81-44DD-A1AC-79818F5E32AA}.Debug|x64.ActiveCfg = Debug
		{87B2C5EE-6D81-44DD-A1AC-79818F5E32AA}.Release|Any CPU.ActiveCfg = Release
		{87B2C5EE-6D81-44DD-A1AC-79818F5E32AA}.Release|x64.ActiveCfg = Release
	EndGlobalSection
	GlobalSection(SolutionProperties) = preSolution
		HideSolutionNode = FALSE
	EndGlobalSection
	GlobalSection(ExtensibilityGlobals) = postSolution
		SolutionGuid = {A8EF97F5-11D2-4894-AF3A-63DD0BEE288D}
	EndGlobalSection
EndGlobal
